
Microsoft Visual Studio Solution File, Format Version 10.00
# Visual Studio 2008
Project("{8BC9CEB8-8B4A-11D0-8D11-00A0C91BC942}") = "tcproxy", "tcproxy\tcproxy.vcproj", "{4E8572DE-D16B-410B-8E48-ABF65BD8B2C4}"
EndProject
Global
	GlobalSection(SolutionConfigurationPlatforms) = preSolution
		Debug|Win32 = Debug|Win32
		Release|Win32 = Release|Win32
	EndGlobalSection
	GlobalSection(ProjectConfigurationPlatforms) = postSolution
		{4E8572DE-D16B-410B-8E48-ABF65BD8B2C4}.Debug|Win32.ActiveCfg = Debug|Win32
		{4E8572DE-D16B-410B-8E48-ABF65BD8B2C4}.Debug|Win32.Build.0 = Debug|Win32
		{4E8572DE-D16B-410B-8E48-ABF65BD8B2C4}.Release|Win32.ActiveCfg = Release|Win32
		{4E8572DE-D16B-410B-8E48-ABF65BD8B2C4}.Release|Win32.Build.0 = Release|Win32
	EndGlobalSection
	GlobalSection(SolutionProperties) = preSolution
		HideSolutionNode = FALSE
	EndGlobalSection
EndGlobal
